
Microsoft Visual Studio Solution File, Format Version 12.00
# Visual Studio Version 17
VisualStudioVersion = 17.0.31912.275
MinimumVisualStudioVersion = 10.0.40219.1
Project("{8BC9CEB8-8B4A-11D0-8D11-00A0C91BC942}") = "MsWebBrowser_test", "MsWebBrowser_test.vcxproj", "{8CEE1860-7BD0-4155-A760-C12C65125C97}"
EndProject
Global
	GlobalSection(SolutionConfigurationPlatforms) = preSolution
		Debug|x64 = Debug|x64
		Debug|x86 = Debug|x86
		Release|x64 = Release|x64
		Release|x86 = Release|x86
	EndGlobalSection
	GlobalSection(ProjectConfigurationPlatforms) = postSolution
		{8CEE1860-7BD0-4155-A760-C12C65125C97}.Debug|x64.ActiveCfg = Debug|x64
		{8CEE1860-7BD0-4155-A760-C12C65125C97}.Debug|x64.Build.0 = Debug|x64
		{8CEE1860-7BD0-4155-A760-C12C65125C97}.Debug|x86.ActiveCfg = Debug|Win32
		{8CEE1860-7BD0-4155-A760-C12C65125C97}.Debug|x86.Build.0 = Debug|Win32
		{8CEE1860-7BD0-4155-A760-C12C65125C97}.Release|x64.ActiveCfg = Release|x64
		{8CEE1860-7BD0-4155-A760-C12C65125C97}.Release|x64.Build.0 = Release|x64
		{8CEE1860-7BD0-4155-A760-C12C65125C97}.Release|x86.ActiveCfg = Release|Win32
		{8CEE1860-7BD0-4155-A760-C12C65125C97}.Release|x86.Build.0 = Release|Win32
	EndGlobalSection
	GlobalSection(SolutionProperties) = preSolution
		HideSolutionNode = FALSE
	EndGlobalSection
	GlobalSection(ExtensibilityGlobals) = postSolution
		SolutionGuid = {B6667714-93BB-4324-BB8E-F797EA8C35C5}
	EndGlobalSection
EndGlobal
