<?xml version="1.0" encoding="utf-8"?>
<Project ToolsVersion="4.0" xmlns="http://schemas.microsoft.com/developer/msbuild/2003">
  <ItemGroup>
    <Filter Include="소스 파일">
      <UniqueIdentifier>{4FC737F1-C7A5-4376-A066-2A32D752A2FF}</UniqueIdentifier>
      <Extensions>cpp;c;cc;cxx;c++;cppm;ixx;def;odl;idl;hpj;bat;asm;asmx</Extensions>
    </Filter>
    <Filter Include="헤더 파일">
      <UniqueIdentifier>{93995380-89BD-4b04-88EB-625FBE52EBFB}</UniqueIdentifier>
      <Extensions>h;hh;hpp;hxx;h++;hm;inl;inc;ipp;xsd</Extensions>
    </Filter>
    <Filter Include="리소스 파일">
      <UniqueIdentifier>{67DA6AB6-F800-4c08-8B7A-83BB121AAD01}</UniqueIdentifier>
      <Extensions>rc;ico;cur;bmp;dlg;rc2;rct;bin;rgs;gif;jpg;jpeg;jpe;resx;tiff;tif;png;wav;mfcribbon-ms</Extensions>
    </Filter>
    <Filter Include="Json">
      <UniqueIdentifier>{5b5dc0fd-c763-44e6-b966-bc07f050417c}</UniqueIdentifier>
    </Filter>
    <Filter Include="LoL">
      <UniqueIdentifier>{e96f30c0-5321-48f8-9a07-1dead3048b52}</UniqueIdentifier>
    </Filter>
  </ItemGroup>
  <ItemGroup>
    <ClInclude Include="LoL_test.h">
      <Filter>헤더 파일</Filter>
    </ClInclude>
    <ClInclude Include="LoL_testDlg.h">
      <Filter>헤더 파일</Filter>
    </ClInclude>
    <ClInclude Include="framework.h">
      <Filter>헤더 파일</Filter>
    </ClInclude>
    <ClInclude Include="targetver.h">
      <Filter>헤더 파일</Filter>
    </ClInclude>
    <ClInclude Include="Resource.h">
      <Filter>헤더 파일</Filter>
    </ClInclude>
    <ClInclude Include="pch.h">
      <Filter>헤더 파일</Filter>
    </ClInclude>
    <ClInclude Include="json\allocator.h">
      <Filter>Json</Filter>
    </ClInclude>
    <ClInclude Include="json\assertions.h">
      <Filter>Json</Filter>
    </ClInclude>
    <ClInclude Include="json\autolink.h">
      <Filter>Json</Filter>
    </ClInclude>
    <ClInclude Include="json\config.h">
      <Filter>Json</Filter>
    </ClInclude>
    <ClInclude Include="json\features.h">
      <Filter>Json</Filter>
    </ClInclude>
    <ClInclude Include="json\forwards.h">
      <Filter>Json</Filter>
    </ClInclude>
    <ClInclude Include="json\json.h">
      <Filter>Json</Filter>
    </ClInclude>
    <ClInclude Include="json\json_tool.h">
      <Filter>Json</Filter>
    </ClInclude>
    <ClInclude Include="json\reader.h">
      <Filter>Json</Filter>
    </ClInclude>
    <ClInclude Include="json\value.h">
      <Filter>Json</Filter>
    </ClInclude>
    <ClInclude Include="json\version.h">
      <Filter>Json</Filter>
    </ClInclude>
    <ClInclude Include="json\writer.h">
      <Filter>Json</Filter>
    </ClInclude>
    <ClInclude Include="LoL\LoLManager.h">
      <Filter>LoL</Filter>
    </ClInclude>
  </ItemGroup>
  <ItemGroup>
    <ClCompile Include="LoL_test.cpp">
      <Filter>소스 파일</Filter>
    </ClCompile>
    <ClCompile Include="LoL_testDlg.cpp">
      <Filter>소스 파일</Filter>
    </ClCompile>
    <ClCompile Include="pch.cpp">
      <Filter>소스 파일</Filter>
    </ClCompile>
    <ClCompile Include="json\json_reader.cpp">
      <Filter>Json</Filter>
    </ClCompile>
    <ClCompile Include="json\json_value.cpp">
      <Filter>Json</Filter>
    </ClCompile>
    <ClCompile Include="json\json_writer.cpp">
      <Filter>Json</Filter>
    </ClCompile>
    <ClCompile Include="LoL\LoLManager.cpp">
      <Filter>LoL</Filter>
    </ClCompile>
  </ItemGroup>
  <ItemGroup>
    <ResourceCompile Include="LoLtest.rc">
      <Filter>리소스 파일</Filter>
    </ResourceCompile>
  </ItemGroup>
  <ItemGroup>
    <None Include="res\LoLtest.rc2">
      <Filter>리소스 파일</Filter>
    </None>
    <None Include="json\json_valueiterator.inl">
      <Filter>Json</Filter>
    </None>
  </ItemGroup>
  <ItemGroup>
    <Image Include="res\LoL_test.ico">
      <Filter>리소스 파일</Filter>
    </Image>
  </ItemGroup>
</Project>